
Microsoft Visual Studio Solution File, Format Version 12.00
# Visual Studio Version 16
VisualStudioVersion = 16.0.29613.14
MinimumVisualStudioVersion = 10.0.40219.1
Project("{FAE04EC0-301F-11D3-BF4B-00C04F79EFBC}") = "RegExpASCIIViewer", "RegExpASCIIViewer\RegExpASCIIViewer.csproj", "{7B7E9113-42C2-49B9-B382-FE4BFE6AD150}"
EndProject
Global
	GlobalSection(SolutionConfigurationPlatforms) = preSolution
		Debug|Any CPU = Debug|Any CPU
		Release|Any CPU = Release|Any CPU
	EndGlobalSection
	GlobalSection(ProjectConfigurationPlatforms) = postSolution
		{7B7E9113-42C2-49B9-B382-FE4BFE6AD150}.Debug|Any CPU.ActiveCfg = Debug|Any CPU
		{7B7E9113-42C2-49B9-B382-FE4BFE6AD150}.Debug|Any CPU.Build.0 = Debug|Any CPU
		{7B7E9113-42C2-49B9-B382-FE4BFE6AD150}.Release|Any CPU.ActiveCfg = Release|Any CPU
		{7B7E9113-42C2-49B9-B382-FE4BFE6AD150}.Release|Any CPU.Build.0 = Release|Any CPU
	EndGlobalSection
	GlobalSection(SolutionProperties) = preSolution
		HideSolutionNode = FALSE
	EndGlobalSection
	GlobalSection(ExtensibilityGlobals) = postSolution
		SolutionGuid = {54BB34E4-B311-42F0-B20B-CC6B446F30D1}
	EndGlobalSection
EndGlobal
